
Microsoft Visual Studio Solution File, Format Version 12.00
# Visual Studio Version 17
VisualStudioVersion = 17.0.31903.59
MinimumVisualStudioVersion = 10.0.40219.1
Project("{2150E333-8FDC-42A3-9474-1A3956D46DE8}") = "src", "src", "{827E0CD3-B72D-47B6-A68D-7590B98EB39B}"
EndProject
Project("{FAE04EC0-301F-11D3-BF4B-00C04F79EFBC}") = "DevMind.Shared", "src\DevMind.Shared\DevMind.Shared.csproj", "{BF0BF16E-E2C6-4176-9CC6-9E00C3A1D601}"
EndProject
Project("{FAE04EC0-301F-11D3-BF4B-00C04F79EFBC}") = "DevMind.CLI", "src\DevMind.CLI\DevMind.CLI.csproj", "{141FB212-A7E0-4947-A551-F813C922590C}"
EndProject
Project("{2150E333-8FDC-42A3-9474-1A3956D46DE8}") = "tests", "tests", "{0AB3BF05-4346-4AA6-1389-037BE0695223}"
EndProject
Project("{FAE04EC0-301F-11D3-BF4B-00C04F79EFBC}") = "DevMind.TestUtilities", "tests\DevMind.TestUtilities\DevMind.TestUtilities.csproj", "{178BF3EF-9907-4994-91EE-A6C08C580850}"
EndProject
Project("{FAE04EC0-301F-11D3-BF4B-00C04F79EFBC}") = "DevMind.Core.Tests", "tests\DevMind.Core.Tests\DevMind.Core.Tests.csproj", "{A9A10585-91E8-4A27-9DB5-5BC36C87DBF7}"
EndProject
Project("{FAE04EC0-301F-11D3-BF4B-00C04F79EFBC}") = "DevMind.Core", "src\DevMind.Core\DevMind.Core.csproj", "{A22BB65A-4E66-40DB-A906-29DE70EF43B4}"
EndProject
Project("{FAE04EC0-301F-11D3-BF4B-00C04F79EFBC}") = "DevMind.Infrastructure.Tests", "tests\DevMind.Infrastructure.Tests\DevMind.Infrastructure.Tests.csproj", "{9F8485F0-6E1F-416F-BCDB-A3B16E3CE1F7}"
EndProject
Project("{FAE04EC0-301F-11D3-BF4B-00C04F79EFBC}") = "DevMind.CLI.Tests", "tests\DevMind.CLI.Tests\DevMind.CLI.Tests.csproj", "{26233416-0D22-4D5F-8A73-C9F695B3C6B3}"
EndProject
Project("{FAE04EC0-301F-11D3-BF4B-00C04F79EFBC}") = "DevMind.Infrastructure", "src\DevMind.Infrastructure\DevMind.Infrastructure.csproj", "{010C443A-1580-4DE3-B4C2-C904AC521FF6}"
EndProject
Global
	GlobalSection(SolutionConfigurationPlatforms) = preSolution
		Debug|Any CPU = Debug|Any CPU
		Debug|x64 = Debug|x64
		Debug|x86 = Debug|x86
		Release|Any CPU = Release|Any CPU
		Release|x64 = Release|x64
		Release|x86 = Release|x86
	EndGlobalSection
	GlobalSection(ProjectConfigurationPlatforms) = postSolution
		{BF0BF16E-E2C6-4176-9CC6-9E00C3A1D601}.Debug|Any CPU.ActiveCfg = Debug|Any CPU
		{BF0BF16E-E2C6-4176-9CC6-9E00C3A1D601}.Debug|Any CPU.Build.0 = Debug|Any CPU
		{BF0BF16E-E2C6-4176-9CC6-9E00C3A1D601}.Debug|x64.ActiveCfg = Debug|Any CPU
		{BF0BF16E-E2C6-4176-9CC6-9E00C3A1D601}.Debug|x64.Build.0 = Debug|Any CPU
		{BF0BF16E-E2C6-4176-9CC6-9E00C3A1D601}.Debug|x86.ActiveCfg = Debug|Any CPU
		{BF0BF16E-E2C6-4176-9CC6-9E00C3A1D601}.Debug|x86.Build.0 = Debug|Any CPU
		{BF0BF16E-E2C6-4176-9CC6-9E00C3A1D601}.Release|Any CPU.ActiveCfg = Release|Any CPU
		{BF0BF16E-E2C6-4176-9CC6-9E00C3A1D601}.Release|Any CPU.Build.0 = Release|Any CPU
		{BF0BF16E-E2C6-4176-9CC6-9E00C3A1D601}.Release|x64.ActiveCfg = Release|Any CPU
		{BF0BF16E-E2C6-4176-9CC6-9E00C3A1D601}.Release|x64.Build.0 = Release|Any CPU
		{BF0BF16E-E2C6-4176-9CC6-9E00C3A1D601}.Release|x86.ActiveCfg = Release|Any CPU
		{BF0BF16E-E2C6-4176-9CC6-9E00C3A1D601}.Release|x86.Build.0 = Release|Any CPU
		{141FB212-A7E0-4947-A551-F813C922590C}.Debug|Any CPU.ActiveCfg = Debug|Any CPU
		{141FB212-A7E0-4947-A551-F813C922590C}.Debug|Any CPU.Build.0 = Debug|Any CPU
		{141FB212-A7E0-4947-A551-F813C922590C}.Debug|x64.ActiveCfg = Debug|Any CPU
		{141FB212-A7E0-4947-A551-F813C922590C}.Debug|x64.Build.0 = Debug|Any CPU
		{141FB212-A7E0-4947-A551-F813C922590C}.Debug|x86.ActiveCfg = Debug|Any CPU
		{141FB212-A7E0-4947-A551-F813C922590C}.Debug|x86.Build.0 = Debug|Any CPU
		{141FB212-A7E0-4947-A551-F813C922590C}.Release|Any CPU.ActiveCfg = Release|Any CPU
		{141FB212-A7E0-4947-A551-F813C922590C}.Release|Any CPU.Build.0 = Release|Any CPU
		{141FB212-A7E0-4947-A551-F813C922590C}.Release|x64.ActiveCfg = Release|Any CPU
		{141FB212-A7E0-4947-A551-F813C922590C}.Release|x64.Build.0 = Release|Any CPU
		{141FB212-A7E0-4947-A551-F813C922590C}.Release|x86.ActiveCfg = Release|Any CPU
		{141FB212-A7E0-4947-A551-F813C922590C}.Release|x86.Build.0 = Release|Any CPU
		{178BF3EF-9907-4994-91EE-A6C08C580850}.Debug|Any CPU.ActiveCfg = Debug|Any CPU
		{178BF3EF-9907-4994-91EE-A6C08C580850}.Debug|Any CPU.Build.0 = Debug|Any CPU
		{178BF3EF-9907-4994-91EE-A6C08C580850}.Debug|x64.ActiveCfg = Debug|Any CPU
		{178BF3EF-9907-4994-91EE-A6C08C580850}.Debug|x64.Build.0 = Debug|Any CPU
		{178BF3EF-9907-4994-91EE-A6C08C580850}.Debug|x86.ActiveCfg = Debug|Any CPU
		{178BF3EF-9907-4994-91EE-A6C08C580850}.Debug|x86.Build.0 = Debug|Any CPU
		{178BF3EF-9907-4994-91EE-A6C08C580850}.Release|Any CPU.ActiveCfg = Release|Any CPU
		{178BF3EF-9907-4994-91EE-A6C08C580850}.Release|Any CPU.Build.0 = Release|Any CPU
		{178BF3EF-9907-4994-91EE-A6C08C580850}.Release|x64.ActiveCfg = Release|Any CPU
		{178BF3EF-9907-4994-91EE-A6C08C580850}.Release|x64.Build.0 = Release|Any CPU
		{178BF3EF-9907-4994-91EE-A6C08C580850}.Release|x86.ActiveCfg = Release|Any CPU
		{178BF3EF-9907-4994-91EE-A6C08C580850}.Release|x86.Build.0 = Release|Any CPU
		{A9A10585-91E8-4A27-9DB5-5BC36C87DBF7}.Debug|Any CPU.ActiveCfg = Debug|Any CPU
		{A9A10585-91E8-4A27-9DB5-5BC36C87DBF7}.Debug|Any CPU.Build.0 = Debug|Any CPU
		{A9A10585-91E8-4A27-9DB5-5BC36C87DBF7}.Debug|x64.ActiveCfg = Debug|Any CPU
		{A9A10585-91E8-4A27-9DB5-5BC36C87DBF7}.Debug|x64.Build.0 = Debug|Any CPU
		{A9A10585-91E8-4A27-9DB5-5BC36C87DBF7}.Debug|x86.ActiveCfg = Debug|Any CPU
		{A9A10585-91E8-4A27-9DB5-5BC36C87DBF7}.Debug|x86.Build.0 = Debug|Any CPU
		{A9A10585-91E8-4A27-9DB5-5BC36C87DBF7}.Release|Any CPU.ActiveCfg = Release|Any CPU
		{A9A10585-91E8-4A27-9DB5-5BC36C87DBF7}.Release|Any CPU.Build.0 = Release|Any CPU
		{A9A10585-91E8-4A27-9DB5-5BC36C87DBF7}.Release|x64.ActiveCfg = Release|Any CPU
		{A9A10585-91E8-4A27-9DB5-5BC36C87DBF7}.Release|x64.Build.0 = Release|Any CPU
		{A9A10585-91E8-4A27-9DB5-5BC36C87DBF7}.Release|x86.ActiveCfg = Release|Any CPU
		{A9A10585-91E8-4A27-9DB5-5BC36C87DBF7}.Release|x86.Build.0 = Release|Any CPU
		{A22BB65A-4E66-40DB-A906-29DE70EF43B4}.Debug|Any CPU.ActiveCfg = Debug|Any CPU
		{A22BB65A-4E66-40DB-A906-29DE70EF43B4}.Debug|Any CPU.Build.0 = Debug|Any CPU
		{A22BB65A-4E66-40DB-A906-29DE70EF43B4}.Debug|x64.ActiveCfg = Debug|Any CPU
		{A22BB65A-4E66-40DB-A906-29DE70EF43B4}.Debug|x64.Build.0 = Debug|Any CPU
		{A22BB65A-4E66-40DB-A906-29DE70EF43B4}.Debug|x86.ActiveCfg = Debug|Any CPU
		{A22BB65A-4E66-40DB-A906-29DE70EF43B4}.Debug|x86.Build.0 = Debug|Any CPU
		{A22BB65A-4E66-40DB-A906-29DE70EF43B4}.Release|Any CPU.ActiveCfg = Release|Any CPU
		{A22BB65A-4E66-40DB-A906-29DE70EF43B4}.Release|Any CPU.Build.0 = Release|Any CPU
		{A22BB65A-4E66-40DB-A906-29DE70EF43B4}.Release|x64.ActiveCfg = Release|Any CPU
		{A22BB65A-4E66-40DB-A906-29DE70EF43B4}.Release|x64.Build.0 = Release|Any CPU
		{A22BB65A-4E66-40DB-A906-29DE70EF43B4}.Release|x86.ActiveCfg = Release|Any CPU
		{A22BB65A-4E66-40DB-A906-29DE70EF43B4}.Release|x86.Build.0 = Release|Any CPU
		{9F8485F0-6E1F-416F-BCDB-A3B16E3CE1F7}.Debug|Any CPU.ActiveCfg = Debug|Any CPU
		{9F8485F0-6E1F-416F-BCDB-A3B16E3CE1F7}.Debug|Any CPU.Build.0 = Debug|Any CPU
		{9F8485F0-6E1F-416F-BCDB-A3B16E3CE1F7}.Debug|x64.ActiveCfg = Debug|Any CPU
		{9F8485F0-6E1F-416F-BCDB-A3B16E3CE1F7}.Debug|x64.Build.0 = Debug|Any CPU
		{9F8485F0-6E1F-416F-BCDB-A3B16E3CE1F7}.Debug|x86.ActiveCfg = Debug|Any CPU
		{9F8485F0-6E1F-416F-BCDB-A3B16E3CE1F7}.Debug|x86.Build.0 = Debug|Any CPU
		{9F8485F0-6E1F-416F-BCDB-A3B16E3CE1F7}.Release|Any CPU.ActiveCfg = Release|Any CPU
		{9F8485F0-6E1F-416F-BCDB-A3B16E3CE1F7}.Release|Any CPU.Build.0 = Release|Any CPU
		{9F8485F0-6E1F-416F-BCDB-A3B16E3CE1F7}.Release|x64.ActiveCfg = Release|Any CPU
		{9F8485F0-6E1F-416F-BCDB-A3B16E3CE1F7}.Release|x64.Build.0 = Release|Any CPU
		{9F8485F0-6E1F-416F-BCDB-A3B16E3CE1F7}.Release|x86.ActiveCfg = Release|Any CPU
		{9F8485F0-6E1F-416F-BCDB-A3B16E3CE1F7}.Release|x86.Build.0 = Release|Any CPU
		{26233416-0D22-4D5F-8A73-C9F695B3C6B3}.Debug|Any CPU.ActiveCfg = Debug|Any CPU
		{26233416-0D22-4D5F-8A73-C9F695B3C6B3}.Debug|Any CPU.Build.0 = Debug|Any CPU
		{26233416-0D22-4D5F-8A73-C9F695B3C6B3}.Debug|x64.ActiveCfg = Debug|Any CPU
		{26233416-0D22-4D5F-8A73-C9F695B3C6B3}.Debug|x64.Build.0 = Debug|Any CPU
		{26233416-0D22-4D5F-8A73-C9F695B3C6B3}.Debug|x86.ActiveCfg = Debug|Any CPU
		{26233416-0D22-4D5F-8A73-C9F695B3C6B3}.Debug|x86.Build.0 = Debug|Any CPU
		{26233416-0D22-4D5F-8A73-C9F695B3C6B3}.Release|Any CPU.ActiveCfg = Release|Any CPU
		{26233416-0D22-4D5F-8A73-C9F695B3C6B3}.Release|Any CPU.Build.0 = Release|Any CPU
		{26233416-0D22-4D5F-8A73-C9F695B3C6B3}.Release|x64.ActiveCfg = Release|Any CPU
		{26233416-0D22-4D5F-8A73-C9F695B3C6B3}.Release|x64.Build.0 = Release|Any CPU
		{26233416-0D22-4D5F-8A73-C9F695B3C6B3}.Release|x86.ActiveCfg = Release|Any CPU
		{26233416-0D22-4D5F-8A73-C9F695B3C6B3}.Release|x86.Build.0 = Release|Any CPU
		{010C443A-1580-4DE3-B4C2-C904AC521FF6}.Debug|Any CPU.ActiveCfg = Debug|Any CPU
		{010C443A-1580-4DE3-B4C2-C904AC521FF6}.Debug|Any CPU.Build.0 = Debug|Any CPU
		{010C443A-1580-4DE3-B4C2-C904AC521FF6}.Debug|x64.ActiveCfg = Debug|Any CPU
		{010C443A-1580-4DE3-B4C2-C904AC521FF6}.Debug|x64.Build.0 = Debug|Any CPU
		{010C443A-1580-4DE3-B4C2-C904AC521FF6}.Debug|x86.ActiveCfg = Debug|Any CPU
		{010C443A-1580-4DE3-B4C2-C904AC521FF6}.Debug|x86.Build.0 = Debug|Any CPU
		{010C443A-1580-4DE3-B4C2-C904AC521FF6}.Release|Any CPU.ActiveCfg = Release|Any CPU
		{010C443A-1580-4DE3-B4C2-C904AC521FF6}.Release|Any CPU.Build.0 = Release|Any CPU
		{010C443A-1580-4DE3-B4C2-C904AC521FF6}.Release|x64.ActiveCfg = Release|Any CPU
		{010C443A-1580-4DE3-B4C2-C904AC521FF6}.Release|x64.Build.0 = Release|Any CPU
		{010C443A-1580-4DE3-B4C2-C904AC521FF6}.Release|x86.ActiveCfg = Release|Any CPU
		{010C443A-1580-4DE3-B4C2-C904AC521FF6}.Release|x86.Build.0 = Release|Any CPU
	EndGlobalSection
	GlobalSection(SolutionProperties) = preSolution
		HideSolutionNode = FALSE
	EndGlobalSection
	GlobalSection(NestedProjects) = preSolution
		{BF0BF16E-E2C6-4176-9CC6-9E00C3A1D601} = {827E0CD3-B72D-47B6-A68D-7590B98EB39B}
		{141FB212-A7E0-4947-A551-F813C922590C} = {827E0CD3-B72D-47B6-A68D-7590B98EB39B}
		{178BF3EF-9907-4994-91EE-A6C08C580850} = {0AB3BF05-4346-4AA6-1389-037BE0695223}
		{A9A10585-91E8-4A27-9DB5-5BC36C87DBF7} = {0AB3BF05-4346-4AA6-1389-037BE0695223}
		{A22BB65A-4E66-40DB-A906-29DE70EF43B4} = {827E0CD3-B72D-47B6-A68D-7590B98EB39B}
		{9F8485F0-6E1F-416F-BCDB-A3B16E3CE1F7} = {0AB3BF05-4346-4AA6-1389-037BE0695223}
		{26233416-0D22-4D5F-8A73-C9F695B3C6B3} = {0AB3BF05-4346-4AA6-1389-037BE0695223}
		{010C443A-1580-4DE3-B4C2-C904AC521FF6} = {827E0CD3-B72D-47B6-A68D-7590B98EB39B}
	EndGlobalSection
EndGlobal
